{
  "name": "lhlogging-dashboard",
  "lockfileVersion": 3,
  "requires": true,
  "packages": {
    "": {
      "name": "lhlogging-dashboard",
      "devDependencies": {
        "faceplate": "git+https://github.com/ChristopherBiel/faceplate.git#v2.0.0"
      }
    },
    "node_modules/faceplate": {
      "version": "2.0.0",
      "resolved": "git+ssh://git@github.com/ChristopherBiel/faceplate.git#cce5af865bdad6c0d7d3b2d71fa8f09d6e2938dc",
      "dev": true,
      "license": "MIT",
      "bin": {
        "faceplate": "bin/faceplate.mjs"
      },
      "engines": {
        "node": ">=18"
      }
    }
  }
}
